
Microsoft Visual Studio Solution File, Format Version 12.00
# Visual Studio Version 17
VisualStudioVersion = 17.11.35222.181
MinimumVisualStudioVersion = 10.0.40219.1
Project("{FAE04EC0-301F-11D3-BF4B-00C04F79EFBC}") = "uloha_3", "uloha_3\uloha_3.csproj", "{A877CE2C-B685-4D2E-816B-1D8E6F6B1E47}"
EndProject
Global
	GlobalSection(SolutionConfigurationPlatforms) = preSolution
		Debug|Any CPU = Debug|Any CPU
		Release|Any CPU = Release|Any CPU
	EndGlobalSection
	GlobalSection(ProjectConfigurationPlatforms) = postSolution
		{A877CE2C-B685-4D2E-816B-1D8E6F6B1E47}.Debug|Any CPU.ActiveCfg = Debug|Any CPU
		{A877CE2C-B685-4D2E-816B-1D8E6F6B1E47}.Debug|Any CPU.Build.0 = Debug|Any CPU
		{A877CE2C-B685-4D2E-816B-1D8E6F6B1E47}.Release|Any CPU.ActiveCfg = Release|Any CPU
		{A877CE2C-B685-4D2E-816B-1D8E6F6B1E47}.Release|Any CPU.Build.0 = Release|Any CPU
	EndGlobalSection
	GlobalSection(SolutionProperties) = preSolution
		HideSolutionNode = FALSE
	EndGlobalSection
	GlobalSection(ExtensibilityGlobals) = postSolution
		SolutionGuid = {B2E1172B-B626-4536-A1A4-F64C182B55C8}
	EndGlobalSection
EndGlobal
