
Microsoft Visual Studio Solution File, Format Version 12.00
# Visual Studio Version 17
VisualStudioVersion = 17.11.35222.181
MinimumVisualStudioVersion = 10.0.40219.1
Project("{FAE04EC0-301F-11D3-BF4B-00C04F79EFBC}") = "obchod", "obchod\obchod.csproj", "{58E852B2-E91C-48C5-8D49-0943685E9A1D}"
EndProject
Global
	GlobalSection(SolutionConfigurationPlatforms) = preSolution
		Debug|Any CPU = Debug|Any CPU
		Release|Any CPU = Release|Any CPU
	EndGlobalSection
	GlobalSection(ProjectConfigurationPlatforms) = postSolution
		{58E852B2-E91C-48C5-8D49-0943685E9A1D}.Debug|Any CPU.ActiveCfg = Debug|Any CPU
		{58E852B2-E91C-48C5-8D49-0943685E9A1D}.Debug|Any CPU.Build.0 = Debug|Any CPU
		{58E852B2-E91C-48C5-8D49-0943685E9A1D}.Debug|Any CPU.Deploy.0 = Debug|Any CPU
		{58E852B2-E91C-48C5-8D49-0943685E9A1D}.Release|Any CPU.ActiveCfg = Release|Any CPU
		{58E852B2-E91C-48C5-8D49-0943685E9A1D}.Release|Any CPU.Build.0 = Release|Any CPU
		{58E852B2-E91C-48C5-8D49-0943685E9A1D}.Release|Any CPU.Deploy.0 = Release|Any CPU
	EndGlobalSection
	GlobalSection(SolutionProperties) = preSolution
		HideSolutionNode = FALSE
	EndGlobalSection
	GlobalSection(ExtensibilityGlobals) = postSolution
		SolutionGuid = {F317682E-8E94-4512-B53F-BFCD95D35607}
	EndGlobalSection
EndGlobal
