
Microsoft Visual Studio Solution File, Format Version 12.00
# Visual Studio Version 17
VisualStudioVersion = 17.11.35222.181
MinimumVisualStudioVersion = 10.0.40219.1
Project("{FAE04EC0-301F-11D3-BF4B-00C04F79EFBC}") = "uloha_8", "uloha_8\uloha_8.csproj", "{98902605-B125-41B1-BC6A-545279159369}"
EndProject
Global
	GlobalSection(SolutionConfigurationPlatforms) = preSolution
		Debug|Any CPU = Debug|Any CPU
		Release|Any CPU = Release|Any CPU
	EndGlobalSection
	GlobalSection(ProjectConfigurationPlatforms) = postSolution
		{98902605-B125-41B1-BC6A-545279159369}.Debug|Any CPU.ActiveCfg = Debug|Any CPU
		{98902605-B125-41B1-BC6A-545279159369}.Debug|Any CPU.Build.0 = Debug|Any CPU
		{98902605-B125-41B1-BC6A-545279159369}.Release|Any CPU.ActiveCfg = Release|Any CPU
		{98902605-B125-41B1-BC6A-545279159369}.Release|Any CPU.Build.0 = Release|Any CPU
	EndGlobalSection
	GlobalSection(SolutionProperties) = preSolution
		HideSolutionNode = FALSE
	EndGlobalSection
	GlobalSection(ExtensibilityGlobals) = postSolution
		SolutionGuid = {66374FBA-4DD0-4034-ADF5-499AE9C7346F}
	EndGlobalSection
EndGlobal
