
Microsoft Visual Studio Solution File, Format Version 12.00
# Visual Studio Version 17
VisualStudioVersion = 17.11.35222.181
MinimumVisualStudioVersion = 10.0.40219.1
Project("{FAE04EC0-301F-11D3-BF4B-00C04F79EFBC}") = "NapojeniDTB", "NapojeniDTB\NapojeniDTB.csproj", "{955C45B9-3427-40F4-8DA3-5398BAE59715}"
EndProject
Global
	GlobalSection(SolutionConfigurationPlatforms) = preSolution
		Debug|Any CPU = Debug|Any CPU
		Release|Any CPU = Release|Any CPU
	EndGlobalSection
	GlobalSection(ProjectConfigurationPlatforms) = postSolution
		{955C45B9-3427-40F4-8DA3-5398BAE59715}.Debug|Any CPU.ActiveCfg = Debug|Any CPU
		{955C45B9-3427-40F4-8DA3-5398BAE59715}.Debug|Any CPU.Build.0 = Debug|Any CPU
		{955C45B9-3427-40F4-8DA3-5398BAE59715}.Release|Any CPU.ActiveCfg = Release|Any CPU
		{955C45B9-3427-40F4-8DA3-5398BAE59715}.Release|Any CPU.Build.0 = Release|Any CPU
	EndGlobalSection
	GlobalSection(SolutionProperties) = preSolution
		HideSolutionNode = FALSE
	EndGlobalSection
	GlobalSection(ExtensibilityGlobals) = postSolution
		SolutionGuid = {F1D95C04-08C6-4507-A605-858F8AF0CEDC}
	EndGlobalSection
EndGlobal
