
Microsoft Visual Studio Solution File, Format Version 12.00
# Visual Studio Version 17
VisualStudioVersion = 17.11.35222.181
MinimumVisualStudioVersion = 10.0.40219.1
Project("{FAE04EC0-301F-11D3-BF4B-00C04F79EFBC}") = "testy", "testy\testy.csproj", "{8DD26DCA-EECD-46E0-BA55-1CBCA6FAD1E5}"
EndProject
Project("{FAE04EC0-301F-11D3-BF4B-00C04F79EFBC}") = "testyTests", "testyTests\testyTests.csproj", "{99B593A5-C3CE-4EAC-AB21-863522EB0939}"
EndProject
Global
	GlobalSection(SolutionConfigurationPlatforms) = preSolution
		Debug|Any CPU = Debug|Any CPU
		Release|Any CPU = Release|Any CPU
	EndGlobalSection
	GlobalSection(ProjectConfigurationPlatforms) = postSolution
		{8DD26DCA-EECD-46E0-BA55-1CBCA6FAD1E5}.Debug|Any CPU.ActiveCfg = Debug|Any CPU
		{8DD26DCA-EECD-46E0-BA55-1CBCA6FAD1E5}.Debug|Any CPU.Build.0 = Debug|Any CPU
		{8DD26DCA-EECD-46E0-BA55-1CBCA6FAD1E5}.Release|Any CPU.ActiveCfg = Release|Any CPU
		{8DD26DCA-EECD-46E0-BA55-1CBCA6FAD1E5}.Release|Any CPU.Build.0 = Release|Any CPU
		{99B593A5-C3CE-4EAC-AB21-863522EB0939}.Debug|Any CPU.ActiveCfg = Debug|Any CPU
		{99B593A5-C3CE-4EAC-AB21-863522EB0939}.Debug|Any CPU.Build.0 = Debug|Any CPU
		{99B593A5-C3CE-4EAC-AB21-863522EB0939}.Release|Any CPU.ActiveCfg = Release|Any CPU
		{99B593A5-C3CE-4EAC-AB21-863522EB0939}.Release|Any CPU.Build.0 = Release|Any CPU
	EndGlobalSection
	GlobalSection(SolutionProperties) = preSolution
		HideSolutionNode = FALSE
	EndGlobalSection
	GlobalSection(ExtensibilityGlobals) = postSolution
		SolutionGuid = {F4CEF65A-EE72-4CCD-850C-46D1039185A3}
	EndGlobalSection
EndGlobal
