
Microsoft Visual Studio Solution File, Format Version 12.00
# Visual Studio Version 17
VisualStudioVersion = 17.11.35222.181
MinimumVisualStudioVersion = 10.0.40219.1
Project("{FAE04EC0-301F-11D3-BF4B-00C04F79EFBC}") = "serializaceJson", "serializaceJson\serializaceJson.csproj", "{04ADD423-C6D8-4753-9186-3777986F856B}"
EndProject
Global
	GlobalSection(SolutionConfigurationPlatforms) = preSolution
		Debug|Any CPU = Debug|Any CPU
		Release|Any CPU = Release|Any CPU
	EndGlobalSection
	GlobalSection(ProjectConfigurationPlatforms) = postSolution
		{04ADD423-C6D8-4753-9186-3777986F856B}.Debug|Any CPU.ActiveCfg = Debug|Any CPU
		{04ADD423-C6D8-4753-9186-3777986F856B}.Debug|Any CPU.Build.0 = Debug|Any CPU
		{04ADD423-C6D8-4753-9186-3777986F856B}.Release|Any CPU.ActiveCfg = Release|Any CPU
		{04ADD423-C6D8-4753-9186-3777986F856B}.Release|Any CPU.Build.0 = Release|Any CPU
	EndGlobalSection
	GlobalSection(SolutionProperties) = preSolution
		HideSolutionNode = FALSE
	EndGlobalSection
	GlobalSection(ExtensibilityGlobals) = postSolution
		SolutionGuid = {096836B4-7F45-4586-A201-2C69CCAACED3}
	EndGlobalSection
EndGlobal
