
Microsoft Visual Studio Solution File, Format Version 12.00
# Visual Studio Version 17
VisualStudioVersion = 17.11.35222.181
MinimumVisualStudioVersion = 10.0.40219.1
Project("{FAE04EC0-301F-11D3-BF4B-00C04F79EFBC}") = "Zamestnanec", "Zamestnanec\Zamestnanec.csproj", "{947B1619-881A-4E54-9428-9EBD6FF28E1C}"
EndProject
Global
	GlobalSection(SolutionConfigurationPlatforms) = preSolution
		Debug|Any CPU = Debug|Any CPU
		Release|Any CPU = Release|Any CPU
	EndGlobalSection
	GlobalSection(ProjectConfigurationPlatforms) = postSolution
		{947B1619-881A-4E54-9428-9EBD6FF28E1C}.Debug|Any CPU.ActiveCfg = Debug|Any CPU
		{947B1619-881A-4E54-9428-9EBD6FF28E1C}.Debug|Any CPU.Build.0 = Debug|Any CPU
		{947B1619-881A-4E54-9428-9EBD6FF28E1C}.Release|Any CPU.ActiveCfg = Release|Any CPU
		{947B1619-881A-4E54-9428-9EBD6FF28E1C}.Release|Any CPU.Build.0 = Release|Any CPU
	EndGlobalSection
	GlobalSection(SolutionProperties) = preSolution
		HideSolutionNode = FALSE
	EndGlobalSection
	GlobalSection(ExtensibilityGlobals) = postSolution
		SolutionGuid = {5A4E65EA-9C8D-46A4-BF6B-3510A9831BF7}
	EndGlobalSection
EndGlobal
